
Microsoft Visual Studio Solution File, Format Version 12.00
# Visual Studio 15
VisualStudioVersion = 15.0.27004.2010
MinimumVisualStudioVersion = 10.0.40219.1
Project("{FAE04EC0-301F-11D3-BF4B-00C04F79EFBC}") = "Spectrograf", "Spectrograf\Spectrograf.csproj", "{9509DEFB-E37E-4DC3-8D9C-A52DFC949D5D}"
EndProject
Global
	GlobalSection(SolutionConfigurationPlatforms) = preSolution
		Debug|Any CPU = Debug|Any CPU
		Release|Any CPU = Release|Any CPU
	EndGlobalSection
	GlobalSection(ProjectConfigurationPlatforms) = postSolution
		{9509DEFB-E37E-4DC3-8D9C-A52DFC949D5D}.Debug|Any CPU.ActiveCfg = Debug|Any CPU
		{9509DEFB-E37E-4DC3-8D9C-A52DFC949D5D}.Debug|Any CPU.Build.0 = Debug|Any CPU
		{9509DEFB-E37E-4DC3-8D9C-A52DFC949D5D}.Release|Any CPU.ActiveCfg = Release|Any CPU
		{9509DEFB-E37E-4DC3-8D9C-A52DFC949D5D}.Release|Any CPU.Build.0 = Release|Any CPU
	EndGlobalSection
	GlobalSection(SolutionProperties) = preSolution
		HideSolutionNode = FALSE
	EndGlobalSection
	GlobalSection(ExtensibilityGlobals) = postSolution
		SolutionGuid = {B77FF2FC-58CB-46EE-8C46-FAEDE75FD8FC}
	EndGlobalSection
EndGlobal
